
Microsoft Visual Studio Solution File, Format Version 12.00
# Visual Studio Version 16
VisualStudioVersion = 16.0.31105.61
MinimumVisualStudioVersion = 10.0.40219.1
Project("{FAE04EC0-301F-11D3-BF4B-00C04F79EFBC}") = "ImplementacijaRentAndGo", "ImplementacijaRentAndGo.csproj", "{7572EEFE-C4C8-45B1-ADB6-B3C01CFE7148}"
EndProject
Global
	GlobalSection(SolutionConfigurationPlatforms) = preSolution
		Debug|Any CPU = Debug|Any CPU
		Release|Any CPU = Release|Any CPU
	EndGlobalSection
	GlobalSection(ProjectConfigurationPlatforms) = postSolution
		{7572EEFE-C4C8-45B1-ADB6-B3C01CFE7148}.Debug|Any CPU.ActiveCfg = Debug|Any CPU
		{7572EEFE-C4C8-45B1-ADB6-B3C01CFE7148}.Debug|Any CPU.Build.0 = Debug|Any CPU
		{7572EEFE-C4C8-45B1-ADB6-B3C01CFE7148}.Release|Any CPU.ActiveCfg = Release|Any CPU
		{7572EEFE-C4C8-45B1-ADB6-B3C01CFE7148}.Release|Any CPU.Build.0 = Release|Any CPU
	EndGlobalSection
	GlobalSection(SolutionProperties) = preSolution
		HideSolutionNode = FALSE
	EndGlobalSection
	GlobalSection(ExtensibilityGlobals) = postSolution
		SolutionGuid = {A0D04632-F54B-41EC-B580-E0B600991675}
	EndGlobalSection
EndGlobal
